
Microsoft Visual Studio Solution File, Format Version 12.00
# Visual Studio 15
VisualStudioVersion = 15.0.26430.13
MinimumVisualStudioVersion = 10.0.40219.1
Project("{FAE04EC0-301F-11D3-BF4B-00C04F79EFBC}") = "Adoxio.Connect.ConsoleApp", "Adoxio.Connect.ConsoleApp\Adoxio.Connect.ConsoleApp.csproj", "{785526D0-AC10-40BB-A001-57718363A145}"
EndProject
Project("{FAE04EC0-301F-11D3-BF4B-00C04F79EFBC}") = "Adoxio.Connect.WebApp", "Adoxio.Connect.WebApp\Adoxio.Connect.WebApp.csproj", "{09C6B25D-373E-44C9-B87B-056C24C0A1CC}"
EndProject
Project("{FAE04EC0-301F-11D3-BF4B-00C04F79EFBC}") = "Adoxio.Connect.WebCore", "Adoxio.Connect.WebCore\Adoxio.Connect.WebCore.csproj", "{F8C06CE3-C58A-4F8B-AEFB-24B48E332362}"
EndProject
Global
	GlobalSection(SolutionConfigurationPlatforms) = preSolution
		Debug|Any CPU = Debug|Any CPU
		Release|Any CPU = Release|Any CPU
	EndGlobalSection
	GlobalSection(ProjectConfigurationPlatforms) = postSolution
		{785526D0-AC10-40BB-A001-57718363A145}.Debug|Any CPU.ActiveCfg = Debug|Any CPU
		{785526D0-AC10-40BB-A001-57718363A145}.Debug|Any CPU.Build.0 = Debug|Any CPU
		{785526D0-AC10-40BB-A001-57718363A145}.Release|Any CPU.ActiveCfg = Release|Any CPU
		{785526D0-AC10-40BB-A001-57718363A145}.Release|Any CPU.Build.0 = Release|Any CPU
		{09C6B25D-373E-44C9-B87B-056C24C0A1CC}.Debug|Any CPU.ActiveCfg = Debug|Any CPU
		{09C6B25D-373E-44C9-B87B-056C24C0A1CC}.Debug|Any CPU.Build.0 = Debug|Any CPU
		{09C6B25D-373E-44C9-B87B-056C24C0A1CC}.Release|Any CPU.ActiveCfg = Release|Any CPU
		{09C6B25D-373E-44C9-B87B-056C24C0A1CC}.Release|Any CPU.Build.0 = Release|Any CPU
		{F8C06CE3-C58A-4F8B-AEFB-24B48E332362}.Debug|Any CPU.ActiveCfg = Debug|Any CPU
		{F8C06CE3-C58A-4F8B-AEFB-24B48E332362}.Debug|Any CPU.Build.0 = Debug|Any CPU
		{F8C06CE3-C58A-4F8B-AEFB-24B48E332362}.Release|Any CPU.ActiveCfg = Release|Any CPU
		{F8C06CE3-C58A-4F8B-AEFB-24B48E332362}.Release|Any CPU.Build.0 = Release|Any CPU
	EndGlobalSection
	GlobalSection(SolutionProperties) = preSolution
		HideSolutionNode = FALSE
	EndGlobalSection
EndGlobal
